
Microsoft Visual Studio Solution File, Format Version 12.00
# Visual Studio Version 16
VisualStudioVersion = 16.0.29201.188
MinimumVisualStudioVersion = 10.0.40219.1
Project("{FAE04EC0-301F-11D3-BF4B-00C04F79EFBC}") = "ForumProjectV3", "ForumProjectV3\ForumProjectV3.csproj", "{3406F0A9-DD7F-4010-BA58-5830C50483E2}"
EndProject
Global
	GlobalSection(SolutionConfigurationPlatforms) = preSolution
		Debug|Any CPU = Debug|Any CPU
		Release|Any CPU = Release|Any CPU
	EndGlobalSection
	GlobalSection(ProjectConfigurationPlatforms) = postSolution
		{3406F0A9-DD7F-4010-BA58-5830C50483E2}.Debug|Any CPU.ActiveCfg = Debug|Any CPU
		{3406F0A9-DD7F-4010-BA58-5830C50483E2}.Debug|Any CPU.Build.0 = Debug|Any CPU
		{3406F0A9-DD7F-4010-BA58-5830C50483E2}.Release|Any CPU.ActiveCfg = Release|Any CPU
		{3406F0A9-DD7F-4010-BA58-5830C50483E2}.Release|Any CPU.Build.0 = Release|Any CPU
	EndGlobalSection
	GlobalSection(SolutionProperties) = preSolution
		HideSolutionNode = FALSE
	EndGlobalSection
	GlobalSection(ExtensibilityGlobals) = postSolution
		SolutionGuid = {621A020E-A0B5-400D-801D-29CD89E2C76E}
	EndGlobalSection
EndGlobal
